
Microsoft Visual Studio Solution File, Format Version 12.00
# Visual Studio 15
VisualStudioVersion = 15.0.27703.2026
MinimumVisualStudioVersion = 10.0.40219.1
Project("{FAE04EC0-301F-11D3-BF4B-00C04F79EFBC}") = "RandomNumber", "RandomNumber\RandomNumber.csproj", "{DF308D64-B611-4CFA-B8F8-7E28D8C97845}"
EndProject
Global
	GlobalSection(SolutionConfigurationPlatforms) = preSolution
		Debug|Any CPU = Debug|Any CPU
		Release|Any CPU = Release|Any CPU
	EndGlobalSection
	GlobalSection(ProjectConfigurationPlatforms) = postSolution
		{DF308D64-B611-4CFA-B8F8-7E28D8C97845}.Debug|Any CPU.ActiveCfg = Debug|Any CPU
		{DF308D64-B611-4CFA-B8F8-7E28D8C97845}.Debug|Any CPU.Build.0 = Debug|Any CPU
		{DF308D64-B611-4CFA-B8F8-7E28D8C97845}.Release|Any CPU.ActiveCfg = Release|Any CPU
		{DF308D64-B611-4CFA-B8F8-7E28D8C97845}.Release|Any CPU.Build.0 = Release|Any CPU
	EndGlobalSection
	GlobalSection(SolutionProperties) = preSolution
		HideSolutionNode = FALSE
	EndGlobalSection
	GlobalSection(ExtensibilityGlobals) = postSolution
		SolutionGuid = {E3486F7D-E113-4EBE-9BD4-A52BCDBC8C23}
	EndGlobalSection
EndGlobal
